
Microsoft Visual Studio Solution File, Format Version 12.00
# Visual Studio 15
VisualStudioVersion = 15.0.28010.2019
MinimumVisualStudioVersion = 10.0.40219.1
Project("{FAE04EC0-301F-11D3-BF4B-00C04F79EFBC}") = "MusicCollection", "MusicCollection\MusicCollection.csproj", "{70CB994B-4C71-496E-B22F-102A7F17AF2A}"
EndProject
Global
	GlobalSection(SolutionConfigurationPlatforms) = preSolution
		Debug|Any CPU = Debug|Any CPU
		Release|Any CPU = Release|Any CPU
	EndGlobalSection
	GlobalSection(ProjectConfigurationPlatforms) = postSolution
		{70CB994B-4C71-496E-B22F-102A7F17AF2A}.Debug|Any CPU.ActiveCfg = Debug|Any CPU
		{70CB994B-4C71-496E-B22F-102A7F17AF2A}.Debug|Any CPU.Build.0 = Debug|Any CPU
		{70CB994B-4C71-496E-B22F-102A7F17AF2A}.Release|Any CPU.ActiveCfg = Release|Any CPU
		{70CB994B-4C71-496E-B22F-102A7F17AF2A}.Release|Any CPU.Build.0 = Release|Any CPU
	EndGlobalSection
	GlobalSection(SolutionProperties) = preSolution
		HideSolutionNode = FALSE
	EndGlobalSection
	GlobalSection(ExtensibilityGlobals) = postSolution
		SolutionGuid = {F89B6889-468D-42E4-809E-9DC3A82B31D1}
	EndGlobalSection
EndGlobal
